
Microsoft Visual Studio Solution File, Format Version 12.00
# Visual Studio Version 17
VisualStudioVersion = 17.8.34316.72
MinimumVisualStudioVersion = 10.0.40219.1
Project("{9A19103F-16F7-4668-BE54-9A1E7A4F7556}") = "UnrealIRCD.WebPanelSharp", "UnrealIRCD.WebPanelSharp\UnrealIRCD.WebPanelSharp.csproj", "{021DDEF6-9445-4AE6-B022-655F6C9FC793}"
EndProject
Project("{9A19103F-16F7-4668-BE54-9A1E7A4F7556}") = "UrealIRCD.JPRC.Client", "UrealIRCD.JPRC.Client\UrealIRCD.JPRC.Client.csproj", "{B26836DB-B92C-48CF-B62C-D28005DA9545}"
EndProject
Global
	GlobalSection(SolutionConfigurationPlatforms) = preSolution
		Debug|Any CPU = Debug|Any CPU
		Release|Any CPU = Release|Any CPU
	EndGlobalSection
	GlobalSection(ProjectConfigurationPlatforms) = postSolution
		{021DDEF6-9445-4AE6-B022-655F6C9FC793}.Debug|Any CPU.ActiveCfg = Debug|Any CPU
		{021DDEF6-9445-4AE6-B022-655F6C9FC793}.Debug|Any CPU.Build.0 = Debug|Any CPU
		{021DDEF6-9445-4AE6-B022-655F6C9FC793}.Release|Any CPU.ActiveCfg = Release|Any CPU
		{021DDEF6-9445-4AE6-B022-655F6C9FC793}.Release|Any CPU.Build.0 = Release|Any CPU
		{B26836DB-B92C-48CF-B62C-D28005DA9545}.Debug|Any CPU.ActiveCfg = Debug|Any CPU
		{B26836DB-B92C-48CF-B62C-D28005DA9545}.Debug|Any CPU.Build.0 = Debug|Any CPU
		{B26836DB-B92C-48CF-B62C-D28005DA9545}.Release|Any CPU.ActiveCfg = Release|Any CPU
		{B26836DB-B92C-48CF-B62C-D28005DA9545}.Release|Any CPU.Build.0 = Release|Any CPU
	EndGlobalSection
	GlobalSection(SolutionProperties) = preSolution
		HideSolutionNode = FALSE
	EndGlobalSection
	GlobalSection(ExtensibilityGlobals) = postSolution
		SolutionGuid = {FE9A6E7B-62A9-4C21-A541-A45CBA3E061C}
	EndGlobalSection
EndGlobal
